
Microsoft Visual Studio Solution File, Format Version 12.00
# Visual Studio Version 17
VisualStudioVersion = 17.5.33424.131
MinimumVisualStudioVersion = 10.0.40219.1
Project("{FAE04EC0-301F-11D3-BF4B-00C04F79EFBC}") = "ToDic_VS_Where", "ToDic_VS_Where.csproj", "{AC9D674D-4BDD-41BA-886C-D5C156B9E604}"
EndProject
Global
	GlobalSection(SolutionConfigurationPlatforms) = preSolution
		Debug|Any CPU = Debug|Any CPU
		Release|Any CPU = Release|Any CPU
	EndGlobalSection
	GlobalSection(ProjectConfigurationPlatforms) = postSolution
		{AC9D674D-4BDD-41BA-886C-D5C156B9E604}.Debug|Any CPU.ActiveCfg = Debug|Any CPU
		{AC9D674D-4BDD-41BA-886C-D5C156B9E604}.Debug|Any CPU.Build.0 = Debug|Any CPU
		{AC9D674D-4BDD-41BA-886C-D5C156B9E604}.Release|Any CPU.ActiveCfg = Release|Any CPU
		{AC9D674D-4BDD-41BA-886C-D5C156B9E604}.Release|Any CPU.Build.0 = Release|Any CPU
	EndGlobalSection
	GlobalSection(SolutionProperties) = preSolution
		HideSolutionNode = FALSE
	EndGlobalSection
	GlobalSection(ExtensibilityGlobals) = postSolution
		SolutionGuid = {A13F5973-ABED-41B6-A3CE-BAB0CCB80B94}
	EndGlobalSection
EndGlobal
